
Microsoft Visual Studio Solution File, Format Version 12.00
# Visual Studio Version 16
VisualStudioVersion = 16.0.31005.135
MinimumVisualStudioVersion = 10.0.40219.1
Project("{FAE04EC0-301F-11D3-BF4B-00C04F79EFBC}") = "Eco_Porte", "Eco_Porte.csproj", "{5406C556-1FDC-485C-A347-D1B4F755E4AD}"
EndProject
Global
	GlobalSection(SolutionConfigurationPlatforms) = preSolution
		Debug|Any CPU = Debug|Any CPU
		Release|Any CPU = Release|Any CPU
	EndGlobalSection
	GlobalSection(ProjectConfigurationPlatforms) = postSolution
		{5406C556-1FDC-485C-A347-D1B4F755E4AD}.Debug|Any CPU.ActiveCfg = Debug|Any CPU
		{5406C556-1FDC-485C-A347-D1B4F755E4AD}.Debug|Any CPU.Build.0 = Debug|Any CPU
		{5406C556-1FDC-485C-A347-D1B4F755E4AD}.Release|Any CPU.ActiveCfg = Release|Any CPU
		{5406C556-1FDC-485C-A347-D1B4F755E4AD}.Release|Any CPU.Build.0 = Release|Any CPU
	EndGlobalSection
	GlobalSection(SolutionProperties) = preSolution
		HideSolutionNode = FALSE
	EndGlobalSection
	GlobalSection(ExtensibilityGlobals) = postSolution
		SolutionGuid = {410179D7-4272-4EDB-9AD6-59FDC4CE465F}
	EndGlobalSection
EndGlobal
